
Microsoft Visual Studio Solution File, Format Version 12.00
# Visual Studio Version 16
VisualStudioVersion = 16.0.32106.194
MinimumVisualStudioVersion = 10.0.40219.1
Project("{FAE04EC0-301F-11D3-BF4B-00C04F79EFBC}") = "TurtleLittle", "TurtleLittle\TurtleLittle.csproj", "{1992CE50-2B71-4581-B3E8-002D499752FD}"
EndProject
Global
	GlobalSection(SolutionConfigurationPlatforms) = preSolution
		Debug|Any CPU = Debug|Any CPU
		Release|Any CPU = Release|Any CPU
	EndGlobalSection
	GlobalSection(ProjectConfigurationPlatforms) = postSolution
		{1992CE50-2B71-4581-B3E8-002D499752FD}.Debug|Any CPU.ActiveCfg = Debug|Any CPU
		{1992CE50-2B71-4581-B3E8-002D499752FD}.Debug|Any CPU.Build.0 = Debug|Any CPU
		{1992CE50-2B71-4581-B3E8-002D499752FD}.Release|Any CPU.ActiveCfg = Release|Any CPU
		{1992CE50-2B71-4581-B3E8-002D499752FD}.Release|Any CPU.Build.0 = Release|Any CPU
	EndGlobalSection
	GlobalSection(SolutionProperties) = preSolution
		HideSolutionNode = FALSE
	EndGlobalSection
	GlobalSection(ExtensibilityGlobals) = postSolution
		SolutionGuid = {36834568-652C-4BE0-BA7A-AF5E37B72753}
	EndGlobalSection
EndGlobal
